{
  "name": "test",
  "version": "1.0.0",
  "lockfileVersion": 2,
  "requires": true,
  "packages": {
    "": {
      "name": "test",
      "version": "1.0.0",
      "license": "ISC",
      "dependencies": {
        "sort-es": "^1.6.2"
      }
    },
    "node_modules/sort-es": {
      "version": "1.6.2",
      "resolved": "https://registry.npmjs.org/sort-es/-/sort-es-1.6.2.tgz",
      "integrity": "sha512-Z7kJiBdJAbYTxl2aQZBfje2fFC+QAxSHVsp20cWoIjdxQvs93gkPuQPeUq+Z+W5MlmPUfp9MowYuRwOPseQr6g=="
    }
  },
  "dependencies": {
    "sort-es": {
      "version": "1.6.2",
      "resolved": "https://registry.npmjs.org/sort-es/-/sort-es-1.6.2.tgz",
      "integrity": "sha512-Z7kJiBdJAbYTxl2aQZBfje2fFC+QAxSHVsp20cWoIjdxQvs93gkPuQPeUq+Z+W5MlmPUfp9MowYuRwOPseQr6g=="
    }
  }
}
